// !$*UTF8*$!
{
	archiveVersion = 1;
	classes = {
	};
	objectVersion = 50;
	objects = {

/* Begin PBXBuildFile section */
		D07E0A68230DF0D5009106BF /* AppDelegate.swift in Sources */ = {isa = PBXBuildFile; fileRef = D07E0A67230DF0D5009106BF /* AppDelegate.swift */; };
		D07E0A6A230DF0D5009106BF /* ViewController.swift in Sources */ = {isa = PBXBuildFile; fileRef = D07E0A69230DF0D5009106BF /* ViewController.swift */; };
		D07E0A6D230DF0D5009106BF /* Main.storyboard in Resources */ = {isa = PBXBuildFile; fileRef = D07E0A6B230DF0D5009106BF /* Main.storyboard */; };
		D07E0A6F230DF0D7009106BF /* Assets.xcassets in Resources */ = {isa = PBXBuildFile; fileRef = D07E0A6E230DF0D7009106BF /* Assets.xcassets */; };
		D07E0A72230DF0D7009106BF /* LaunchScreen.storyboard in Resources */ = {isa = PBXBuildFile; fileRef = D07E0A70230DF0D7009106BF /* LaunchScreen.storyboard */; };
		D07E0A7D230DF0D7009106BF /* DiscussionCode_ViewModelTests.swift in Sources */ = {isa = PBXBuildFile; fileRef = D07E0A7C230DF0D7009106BF /* DiscussionCode_ViewModelTests.swift */; };
		D07E0A88230DF0D7009106BF /* DiscussionCode_ViewModelUITests.swift in Sources */ = {isa = PBXBuildFile; fileRef = D07E0A87230DF0D7009106BF /* DiscussionCode_ViewModelUITests.swift */; };
/* End PBXBuildFile section */

/* Begin PBXContainerItemProxy section */
		D07E0A79230DF0D7009106BF /* PBXContainerItemProxy */ = {
			isa = PBXContainerItemProxy;
			containerPortal = D07E0A5C230DF0D5009106BF /* Project object */;
			proxyType = 1;
			remoteGlobalIDString = D07E0A63230DF0D5009106BF;
			remoteInfo = "DiscussionCode-ViewModel";
		};
		D07E0A84230DF0D7009106BF /* PBXContainerItemProxy */ = {
			isa = PBXContainerItemProxy;
			containerPortal = D07E0A5C230DF0D5009106BF /* Project object */;
			proxyType = 1;
			remoteGlobalIDString = D07E0A63230DF0D5009106BF;
			remoteInfo = "DiscussionCode-ViewModel";
		};
/* End PBXContainerItemProxy section */

/* Begin PBXFileReference section */
		D07E0A64230DF0D5009106BF /* DiscussionCode-ViewModel.app */ = {isa = PBXFileReference; explicitFileType = wrapper.application; includeInIndex = 0; path = "DiscussionCode-ViewModel.app"; sourceTree = BUILT_PRODUCTS_DIR; };
		D07E0A67230DF0D5009106BF /* AppDelegate.swift */ = {isa = PBXFileReference; lastKnownFileType = sourcecode.swift; path = AppDelegate.swift; sourceTree = "<group>"; };
		D07E0A69230DF0D5009106BF /* ViewController.swift */ = {isa = PBXFileReference; lastKnownFileType = sourcecode.swift; path = ViewController.swift; sourceTree = "<group>"; };
		D07E0A6C230DF0D5009106BF /* Base */ = {isa = PBXFileReference; lastKnownFileType = file.storyboard; name = Base; path = Base.lproj/Main.storyboard; sourceTree = "<group>"; };
		D07E0A6E230DF0D7009106BF /* Assets.xcassets */ = {isa = PBXFileReference; lastKnownFileType = folder.assetcatalog; path = Assets.xcassets; sourceTree = "<group>"; };
		D07E0A71230DF0D7009106BF /* Base */ = {isa = PBXFileReference; lastKnownFileType = file.storyboard; name = Base; path = Base.lproj/LaunchScreen.storyboard; sourceTree = "<group>"; };
		D07E0A73230DF0D7009106BF /* Info.plist */ = {isa = PBXFileReference; lastKnownFileType = text.plist.xml; path = Info.plist; sourceTree = "<group>"; };
		D07E0A78230DF0D7009106BF /* DiscussionCode-ViewModelTests.xctest */ = {isa = PBXFileReference; explicitFileType = wrapper.cfbundle; includeInIndex = 0; path = "DiscussionCode-ViewModelTests.xctest"; sourceTree = BUILT_PRODUCTS_DIR; };
		D07E0A7C230DF0D7009106BF /* DiscussionCode_ViewModelTests.swift */ = {isa = PBXFileReference; lastKnownFileType = sourcecode.swift; path = DiscussionCode_ViewModelTests.swift; sourceTree = "<group>"; };
		D07E0A7E230DF0D7009106BF /* Info.plist */ = {isa = PBXFileReference; lastKnownFileType = text.plist.xml; path = Info.plist; sourceTree = "<group>"; };
		D07E0A83230DF0D7009106BF /* DiscussionCode-ViewModelUITests.xctest */ = {isa = PBXFileReference; explicitFileType = wrapper.cfbundle; includeInIndex = 0; path = "DiscussionCode-ViewModelUITests.xctest"; sourceTree = BUILT_PRODUCTS_DIR; };
		D07E0A87230DF0D7009106BF /* DiscussionCode_ViewModelUITests.swift */ = {isa = PBXFileReference; lastKnownFileType = sourcecode.swift; path = DiscussionCode_ViewModelUITests.swift; sourceTree = "<group>"; };
		D07E0A89230DF0D7009106BF /* Info.plist */ = {isa = PBXFileReference; lastKnownFileType = text.plist.xml; path = Info.plist; sourceTree = "<group>"; };
/* End PBXFileReference section */

/* Begin PBXFrameworksBuildPhase section */
		D07E0A61230DF0D5009106BF /* Frameworks */ = {
			isa = PBXFrameworksBuildPhase;
			buildActionMask = 2147483647;
			files = (
			);
			runOnlyForDeploymentPostprocessing = 0;
		};
		D07E0A75230DF0D7009106BF /* Frameworks */ = {
			isa = PBXFrameworksBuildPhase;
			buildActionMask = 2147483647;
			files = (
			);
			runOnlyForDeploymentPostprocessing = 0;
		};
		D07E0A80230DF0D7009106BF /* Frameworks */ = {
			isa = PBXFrameworksBuildPhase;
			buildActionMask = 2147483647;
			files = (
			);
			runOnlyForDeploymentPostprocessing = 0;
		};
/* End PBXFrameworksBuildPhase section */

/* Begin PBXGroup section */
		D07E0A5B230DF0D5009106BF = {
			isa = PBXGroup;
			children = (
				D07E0A66230DF0D5009106BF /* DiscussionCode-ViewModel */,
				D07E0A7B230DF0D7009106BF /* DiscussionCode-ViewModelTests */,
				D07E0A86230DF0D7009106BF /* DiscussionCode-ViewModelUITests */,
				D07E0A65230DF0D5009106BF /* Products */,
			);
			sourceTree = "<group>";
		};
		D07E0A65230DF0D5009106BF /* Products */ = {
			isa = PBXGroup;
			children = (
				D07E0A64230DF0D5009106BF /* DiscussionCode-ViewModel.app */,
				D07E0A78230DF0D7009106BF /* DiscussionCode-ViewModelTests.xctest */,
				D07E0A83230DF0D7009106BF /* DiscussionCode-ViewModelUITests.xctest */,
			);
			name = Products;
			sourceTree = "<group>";
		};
		D07E0A66230DF0D5009106BF /* DiscussionCode-ViewModel */ = {
			isa = PBXGroup;
			children = (
				D07E0A67230DF0D5009106BF /* AppDelegate.swift */,
				D07E0A69230DF0D5009106BF /* ViewController.swift */,
				D07E0A6B230DF0D5009106BF /* Main.storyboard */,
				D07E0A6E230DF0D7009106BF /* Assets.xcassets */,
				D07E0A70230DF0D7009106BF /* LaunchScreen.storyboard */,
				D07E0A73230DF0D7009106BF /* Info.plist */,
			);
			path = "DiscussionCode-ViewModel";
			sourceTree = "<group>";
		};
		D07E0A7B230DF0D7009106BF /* DiscussionCode-ViewModelTests */ = {
			isa = PBXGroup;
			children = (
				D07E0A7C230DF0D7009106BF /* DiscussionCode_ViewModelTests.swift */,
				D07E0A7E230DF0D7009106BF /* Info.plist */,
			);
			path = "DiscussionCode-ViewModelTests";
			sourceTree = "<group>";
		};
		D07E0A86230DF0D7009106BF /* DiscussionCode-ViewModelUITests */ = {
			isa = PBXGroup;
			children = (
				D07E0A87230DF0D7009106BF /* DiscussionCode_ViewModelUITests.swift */,
				D07E0A89230DF0D7009106BF /* Info.plist */,
			);
			path = "DiscussionCode-ViewModelUITests";
			sourceTree = "<group>";
		};
/* End PBXGroup section */

/* Begin PBXNativeTarget section */
		D07E0A63230DF0D5009106BF /* DiscussionCode-ViewModel */ = {
			isa = PBXNativeTarget;
			buildConfigurationList = D07E0A8C230DF0D7009106BF /* Build configuration list for PBXNativeTarget "DiscussionCode-ViewModel" */;
			buildPhases = (
				D07E0A60230DF0D5009106BF /* Sources */,
				D07E0A61230DF0D5009106BF /* Frameworks */,
				D07E0A62230DF0D5009106BF /* Resources */,
			);
			buildRules = (
			);
			dependencies = (
			);
			name = "DiscussionCode-ViewModel";
			productName = "DiscussionCode-ViewModel";
			productReference = D07E0A64230DF0D5009106BF /* DiscussionCode-ViewModel.app */;
			productType = "com.apple.product-type.application";
		};
		D07E0A77230DF0D7009106BF /* DiscussionCode-ViewModelTests */ = {
			isa = PBXNativeTarget;
			buildConfigurationList = D07E0A8F230DF0D7009106BF /* Build configuration list for PBXNativeTarget "DiscussionCode-ViewModelTests" */;
			buildPhases = (
				D07E0A74230DF0D7009106BF /* Sources */,
				D07E0A75230DF0D7009106BF /* Frameworks */,
				D07E0A76230DF0D7009106BF /* Resources */,
			);
			buildRules = (
			);
			dependencies = (
				D07E0A7A230DF0D7009106BF /* PBXTargetDependency */,
			);
			name = "DiscussionCode-ViewModelTests";
			productName = "DiscussionCode-ViewModelTests";
			productReference = D07E0A78230DF0D7009106BF /* DiscussionCode-ViewModelTests.xctest */;
			productType = "com.apple.product-type.bundle.unit-test";
		};
		D07E0A82230DF0D7009106BF /* DiscussionCode-ViewModelUITests */ = {
			isa = PBXNativeTarget;
			buildConfigurationList = D07E0A92230DF0D7009106BF /* Build configuration list for PBXNativeTarget "DiscussionCode-ViewModelUITests" */;
			buildPhases = (
				D07E0A7F230DF0D7009106BF /* Sources */,
				D07E0A80230DF0D7009106BF /* Frameworks */,
				D07E0A81230DF0D7009106BF /* Resources */,
			);
			buildRules = (
			);
			dependencies = (
				D07E0A85230DF0D7009106BF /* PBXTargetDependency */,
			);
			name = "DiscussionCode-ViewModelUITests";
			productName = "DiscussionCode-ViewModelUITests";
			productReference = D07E0A83230DF0D7009106BF /* DiscussionCode-ViewModelUITests.xctest */;
			productType = "com.apple.product-type.bundle.ui-testing";
		};
/* End PBXNativeTarget section */

/* Begin PBXProject section */
		D07E0A5C230DF0D5009106BF /* Project object */ = {
			isa = PBXProject;
			attributes = {
				LastSwiftUpdateCheck = 1030;
				LastUpgradeCheck = 1030;
				ORGANIZATIONNAME = "CocoaHeads POA";
				TargetAttributes = {
					D07E0A63230DF0D5009106BF = {
						CreatedOnToolsVersion = 10.3;
					};
					D07E0A77230DF0D7009106BF = {
						CreatedOnToolsVersion = 10.3;
						TestTargetID = D07E0A63230DF0D5009106BF;
					};
					D07E0A82230DF0D7009106BF = {
						CreatedOnToolsVersion = 10.3;
						TestTargetID = D07E0A63230DF0D5009106BF;
					};
				};
			};
			buildConfigurationList = D07E0A5F230DF0D5009106BF /* Build configuration list for PBXProject "DiscussionCode-ViewModel" */;
			compatibilityVersion = "Xcode 9.3";
			developmentRegion = en;
			hasScannedForEncodings = 0;
			knownRegions = (
				en,
				Base,
			);
			mainGroup = D07E0A5B230DF0D5009106BF;
			productRefGroup = D07E0A65230DF0D5009106BF /* Products */;
			projectDirPath = "";
			projectRoot = "";
			targets = (
				D07E0A63230DF0D5009106BF /* DiscussionCode-ViewModel */,
				D07E0A77230DF0D7009106BF /* DiscussionCode-ViewModelTests */,
				D07E0A82230DF0D7009106BF /* DiscussionCode-ViewModelUITests */,
			);
		};
/* End PBXProject section */

/* Begin PBXResourcesBuildPhase section */
		D07E0A62230DF0D5009106BF /* Resources */ = {
			isa = PBXResourcesBuildPhase;
			buildActionMask = 2147483647;
			files = (
				D07E0A72230DF0D7009106BF /* LaunchScreen.storyboard in Resources */,
				D07E0A6F230DF0D7009106BF /* Assets.xcassets in Resources */,
				D07E0A6D230DF0D5009106BF /* Main.storyboard in Resources */,
			);
			runOnlyForDeploymentPostprocessing = 0;
		};
		D07E0A76230DF0D7009106BF /* Resources */ = {
			isa = PBXResourcesBuildPhase;
			buildActionMask = 2147483647;
			files = (
			);
			runOnlyForDeploymentPostprocessing = 0;
		};
		D07E0A81230DF0D7009106BF /* Resources */ = {
			isa = PBXResourcesBuildPhase;
			buildActionMask = 2147483647;
			files = (
			);
			runOnlyForDeploymentPostprocessing = 0;
		};
/* End PBXResourcesBuildPhase section */

/* Begin PBXSourcesBuildPhase section */
		D07E0A60230DF0D5009106BF /* Sources */ = {
			isa = PBXSourcesBuildPhase;
			buildActionMask = 2147483647;
			files = (
				D07E0A6A230DF0D5009106BF /* ViewController.swift in Sources */,
				D07E0A68230DF0D5009106BF /* AppDelegate.swift in Sources */,
			);
			runOnlyForDeploymentPostprocessing = 0;
		};
		D07E0A74230DF0D7009106BF /* Sources */ = {
			isa = PBXSourcesBuildPhase;
			buildActionMask = 2147483647;
			files = (
				D07E0A7D230DF0D7009106BF /* DiscussionCode_ViewModelTests.swift in Sources */,
			);
			runOnlyForDeploymentPostprocessing = 0;
		};
		D07E0A7F230DF0D7009106BF /* Sources */ = {
			isa = PBXSourcesBuildPhase;
			buildActionMask = 2147483647;
			files = (
				D07E0A88230DF0D7009106BF /* DiscussionCode_ViewModelUITests.swift in Sources */,
			);
			runOnlyForDeploymentPostprocessing = 0;
		};
/* End PBXSourcesBuildPhase section */

/* Begin PBXTargetDependency section */
		D07E0A7A230DF0D7009106BF /* PBXTargetDependency */ = {
			isa = PBXTargetDependency;
			target = D07E0A63230DF0D5009106BF /* DiscussionCode-ViewModel */;
			targetProxy = D07E0A79230DF0D7009106BF /* PBXContainerItemProxy */;
		};
		D07E0A85230DF0D7009106BF /* PBXTargetDependency */ = {
			isa = PBXTargetDependency;
			target = D07E0A63230DF0D5009106BF /* DiscussionCode-ViewModel */;
			targetProxy = D07E0A84230DF0D7009106BF /* PBXContainerItemProxy */;
		};
/* End PBXTargetDependency section */

/* Begin PBXVariantGroup section */
		D07E0A6B230DF0D5009106BF /* Main.storyboard */ = {
			isa = PBXVariantGroup;
			children = (
				D07E0A6C230DF0D5009106BF /* Base */,
			);
			name = Main.storyboard;
			sourceTree = "<group>";
		};
		D07E0A70230DF0D7009106BF /* LaunchScreen.storyboard */ = {
			isa = PBXVariantGroup;
			children = (
				D07E0A71230DF0D7009106BF /* Base */,
			);
			name = LaunchScreen.storyboard;
			sourceTree = "<group>";
		};
/* End PBXVariantGroup section */

/* Begin XCBuildConfiguration section */
		D07E0A8A230DF0D7009106BF /* Debug */ = {
			isa = XCBuildConfiguration;
			buildSettings = {
				ALWAYS_SEARCH_USER_PATHS = NO;
				CLANG_ANALYZER_NONNULL = YES;
				CLANG_ANALYZER_NUMBER_OBJECT_CONVERSION = YES_AGGRESSIVE;
				CLANG_CXX_LANGUAGE_STANDARD = "gnu++14";
				CLANG_CXX_LIBRARY = "libc++";
				CLANG_ENABLE_MODULES = YES;
				CLANG_ENABLE_OBJC_ARC = YES;
				CLANG_ENABLE_OBJC_WEAK = YES;
				CLANG_WARN_BLOCK_CAPTURE_AUTORELEASING = YES;
				CLANG_WARN_BOOL_CONVERSION = YES;
				CLANG_WARN_COMMA = YES;
				CLANG_WARN_CONSTANT_CONVERSION = YES;
				CLANG_WARN_DEPRECATED_OBJC_IMPLEMENTATIONS = YES;
				CLANG_WARN_DIRECT_OBJC_ISA_USAGE = YES_ERROR;
				CLANG_WARN_DOCUMENTATION_COMMENTS = YES;
				CLANG_WARN_EMPTY_BODY = YES;
				CLANG_WARN_ENUM_CONVERSION = YES;
				CLANG_WARN_INFINITE_RECURSION = YES;
				CLANG_WARN_INT_CONVERSION = YES;
				CLANG_WARN_NON_LITERAL_NULL_CONVERSION = YES;
				CLANG_WARN_OBJC_IMPLICIT_RETAIN_SELF = YES;
				CLANG_WARN_OBJC_LITERAL_CONVERSION = YES;
				CLANG_WARN_OBJC_ROOT_CLASS = YES_ERROR;
				CLANG_WARN_RANGE_LOOP_ANALYSIS = YES;
				CLANG_WARN_STRICT_PROTOTYPES = YES;
				CLANG_WARN_SUSPICIOUS_MOVE = YES;
				CLANG_WARN_UNGUARDED_AVAILABILITY = YES_AGGRESSIVE;
				CLANG_WARN_UNREACHABLE_CODE = YES;
				CLANG_WARN__DUPLICATE_METHOD_MATCH = YES;
				CODE_SIGN_IDENTITY = "iPhone Developer";
				COPY_PHASE_STRIP = NO;
				DEBUG_INFORMATION_FORMAT = dwarf;
				ENABLE_STRICT_OBJC_MSGSEND = YES;
				ENABLE_TESTABILITY = YES;
				GCC_C_LANGUAGE_STANDARD = gnu11;
				GCC_DYNAMIC_NO_PIC = NO;
				GCC_NO_COMMON_BLOCKS = YES;
				GCC_OPTIMIZATION_LEVEL = 0;
				GCC_PREPROCESSOR_DEFINITIONS = (
					"DEBUG=1",
					"$(inherited)",
				);
				GCC_WARN_64_TO_32_BIT_CONVERSION = YES;
				GCC_WARN_ABOUT_RETURN_TYPE = YES_ERROR;
				GCC_WARN_UNDECLARED_SELECTOR = YES;
				GCC_WARN_UNINITIALIZED_AUTOS = YES_AGGRESSIVE;
				GCC_WARN_UNUSED_FUNCTION = YES;
				GCC_WARN_UNUSED_VARIABLE = YES;
				IPHONEOS_DEPLOYMENT_TARGET = 12.4;
				MTL_ENABLE_DEBUG_INFO = INCLUDE_SOURCE;
				MTL_FAST_MATH = YES;
				ONLY_ACTIVE_ARCH = YES;
				SDKROOT = iphoneos;
				SWIFT_ACTIVE_COMPILATION_CONDITIONS = DEBUG;
				SWIFT_OPTIMIZATION_LEVEL = "-Onone";
			};
			name = Debug;
		};
		D07E0A8B230DF0D7009106BF /* Release */ = {
			isa = XCBuildConfiguration;
			buildSettings = {
				ALWAYS_SEARCH_USER_PATHS = NO;
				CLANG_ANALYZER_NONNULL = YES;
				CLANG_ANALYZER_NUMBER_OBJECT_CONVERSION = YES_AGGRESSIVE;
				CLANG_CXX_LANGUAGE_STANDARD = "gnu++14";
				CLANG_CXX_LIBRARY = "libc++";
				CLANG_ENABLE_MODULES = YES;
				CLANG_ENABLE_OBJC_ARC = YES;
				CLANG_ENABLE_OBJC_WEAK = YES;
				CLANG_WARN_BLOCK_CAPTURE_AUTORELEASING = YES;
				CLANG_WARN_BOOL_CONVERSION = YES;
				CLANG_WARN_COMMA = YES;
				CLANG_WARN_CONSTANT_CONVERSION = YES;
				CLANG_WARN_DEPRECATED_OBJC_IMPLEMENTATIONS = YES;
				CLANG_WARN_DIRECT_OBJC_ISA_USAGE = YES_ERROR;
				CLANG_WARN_DOCUMENTATION_COMMENTS = YES;
				CLANG_WARN_EMPTY_BODY = YES;
				CLANG_WARN_ENUM_CONVERSION = YES;
				CLANG_WARN_INFINITE_RECURSION = YES;
				CLANG_WARN_INT_CONVERSION = YES;
				CLANG_WARN_NON_LITERAL_NULL_CONVERSION = YES;
				CLANG_WARN_OBJC_IMPLICIT_RETAIN_SELF = YES;
				CLANG_WARN_OBJC_LITERAL_CONVERSION = YES;
				CLANG_WARN_OBJC_ROOT_CLASS = YES_ERROR;
				CLANG_WARN_RANGE_LOOP_ANALYSIS = YES;
				CLANG_WARN_STRICT_PROTOTYPES = YES;
				CLANG_WARN_SUSPICIOUS_MOVE = YES;
				CLANG_WARN_UNGUARDED_AVAILABILITY = YES_AGGRESSIVE;
				CLANG_WARN_UNREACHABLE_CODE = YES;
				CLANG_WARN__DUPLICATE_METHOD_MATCH = YES;
				CODE_SIGN_IDENTITY = "iPhone Developer";
				COPY_PHASE_STRIP = NO;
				DEBUG_INFORMATION_FORMAT = "dwarf-with-dsym";
				ENABLE_NS_ASSERTIONS = NO;
				ENABLE_STRICT_OBJC_MSGSEND = YES;
				GCC_C_LANGUAGE_STANDARD = gnu11;
				GCC_NO_COMMON_BLOCKS = YES;
				GCC_WARN_64_TO_32_BIT_CONVERSION = YES;
				GCC_WARN_ABOUT_RETURN_TYPE = YES_ERROR;
				GCC_WARN_UNDECLARED_SELECTOR = YES;
				GCC_WARN_UNINITIALIZED_AUTOS = YES_AGGRESSIVE;
				GCC_WARN_UNUSED_FUNCTION = YES;
				GCC_WARN_UNUSED_VARIABLE = YES;
				IPHONEOS_DEPLOYMENT_TARGET = 12.4;
				MTL_ENABLE_DEBUG_INFO = NO;
				MTL_FAST_MATH = YES;
				SDKROOT = iphoneos;
				SWIFT_COMPILATION_MODE = wholemodule;
				SWIFT_OPTIMIZATION_LEVEL = "-O";
				VALIDATE_PRODUCT = YES;
			};
			name = Release;
		};
		D07E0A8D230DF0D7009106BF /* Debug */ = {
			isa = XCBuildConfiguration;
			buildSettings = {
				ASSETCATALOG_COMPILER_APPICON_NAME = AppIcon;
				CODE_SIGN_STYLE = Automatic;
				INFOPLIST_FILE = "DiscussionCode-ViewModel/Info.plist";
				LD_RUNPATH_SEARCH_PATHS = (
					"$(inherited)",
					"@executable_path/Frameworks",
				);
				PRODUCT_BUNDLE_IDENTIFIER = "com.cocoaheads.poa.DiscussionCode-ViewModel";
				PRODUCT_NAME = "$(TARGET_NAME)";
				SWIFT_VERSION = 5.0;
				TARGETED_DEVICE_FAMILY = "1,2";
			};
			name = Debug;
		};
		D07E0A8E230DF0D7009106BF /* Release */ = {
			isa = XCBuildConfiguration;
			buildSettings = {
				ASSETCATALOG_COMPILER_APPICON_NAME = AppIcon;
				CODE_SIGN_STYLE = Automatic;
				INFOPLIST_FILE = "DiscussionCode-ViewModel/Info.plist";
				LD_RUNPATH_SEARCH_PATHS = (
					"$(inherited)",
					"@executable_path/Frameworks",
				);
				PRODUCT_BUNDLE_IDENTIFIER = "com.cocoaheads.poa.DiscussionCode-ViewModel";
				PRODUCT_NAME = "$(TARGET_NAME)";
				SWIFT_VERSION = 5.0;
				TARGETED_DEVICE_FAMILY = "1,2";
			};
			name = Release;
		};
		D07E0A90230DF0D7009106BF /* Debug */ = {
			isa = XCBuildConfiguration;
			buildSettings = {
				ALWAYS_EMBED_SWIFT_STANDARD_LIBRARIES = YES;
				BUNDLE_LOADER = "$(TEST_HOST)";
				CODE_SIGN_STYLE = Automatic;
				INFOPLIST_FILE = "DiscussionCode-ViewModelTests/Info.plist";
				LD_RUNPATH_SEARCH_PATHS = (
					"$(inherited)",
					"@executable_path/Frameworks",
					"@loader_path/Frameworks",
				);
				PRODUCT_BUNDLE_IDENTIFIER = "com.cocoaheads.poa.DiscussionCode-ViewModelTests";
				PRODUCT_NAME = "$(TARGET_NAME)";
				SWIFT_VERSION = 5.0;
				TARGETED_DEVICE_FAMILY = "1,2";
				TEST_HOST = "$(BUILT_PRODUCTS_DIR)/DiscussionCode-ViewModel.app/DiscussionCode-ViewModel";
			};
			name = Debug;
		};
		D07E0A91230DF0D7009106BF /* Release */ = {
			isa = XCBuildConfiguration;
			buildSettings = {
				ALWAYS_EMBED_SWIFT_STANDARD_LIBRARIES = YES;
				BUNDLE_LOADER = "$(TEST_HOST)";
				CODE_SIGN_STYLE = Automatic;
				INFOPLIST_FILE = "DiscussionCode-ViewModelTests/Info.plist";
				LD_RUNPATH_SEARCH_PATHS = (
					"$(inherited)",
					"@executable_path/Frameworks",
					"@loader_path/Frameworks",
				);
				PRODUCT_BUNDLE_IDENTIFIER = "com.cocoaheads.poa.DiscussionCode-ViewModelTests";
				PRODUCT_NAME = "$(TARGET_NAME)";
				SWIFT_VERSION = 5.0;
				TARGETED_DEVICE_FAMILY = "1,2";
				TEST_HOST = "$(BUILT_PRODUCTS_DIR)/DiscussionCode-ViewModel.app/DiscussionCode-ViewModel";
			};
			name = Release;
		};
		D07E0A93230DF0D7009106BF /* Debug */ = {
			isa = XCBuildConfiguration;
			buildSettings = {
				ALWAYS_EMBED_SWIFT_STANDARD_LIBRARIES = YES;
				CODE_SIGN_STYLE = Automatic;
				INFOPLIST_FILE = "DiscussionCode-ViewModelUITests/Info.plist";
				LD_RUNPATH_SEARCH_PATHS = (
					"$(inherited)",
					"@executable_path/Frameworks",
					"@loader_path/Frameworks",
				);
				PRODUCT_BUNDLE_IDENTIFIER = "com.cocoaheads.poa.DiscussionCode-ViewModelUITests";
				PRODUCT_NAME = "$(TARGET_NAME)";
				SWIFT_VERSION = 5.0;
				TARGETED_DEVICE_FAMILY = "1,2";
				TEST_TARGET_NAME = "DiscussionCode-ViewModel";
			};
			name = Debug;
		};
		D07E0A94230DF0D7009106BF /* Release */ = {
			isa = XCBuildConfiguration;
			buildSettings = {
				ALWAYS_EMBED_SWIFT_STANDARD_LIBRARIES = YES;
				CODE_SIGN_STYLE = Automatic;
				INFOPLIST_FILE = "DiscussionCode-ViewModelUITests/Info.plist";
				LD_RUNPATH_SEARCH_PATHS = (
					"$(inherited)",
					"@executable_path/Frameworks",
					"@loader_path/Frameworks",
				);
				PRODUCT_BUNDLE_IDENTIFIER = "com.cocoaheads.poa.DiscussionCode-ViewModelUITests";
				PRODUCT_NAME = "$(TARGET_NAME)";
				SWIFT_VERSION = 5.0;
				TARGETED_DEVICE_FAMILY = "1,2";
				TEST_TARGET_NAME = "DiscussionCode-ViewModel";
			};
			name = Release;
		};
/* End XCBuildConfiguration section */

/* Begin XCConfigurationList section */
		D07E0A5F230DF0D5009106BF /* Build configuration list for PBXProject "DiscussionCode-ViewModel" */ = {
			isa = XCConfigurationList;
			buildConfigurations = (
				D07E0A8A230DF0D7009106BF /* Debug */,
				D07E0A8B230DF0D7009106BF /* Release */,
			);
			defaultConfigurationIsVisible = 0;
			defaultConfigurationName = Release;
		};
		D07E0A8C230DF0D7009106BF /* Build configuration list for PBXNativeTarget "DiscussionCode-ViewModel" */ = {
			isa = XCConfigurationList;
			buildConfigurations = (
				D07E0A8D230DF0D7009106BF /* Debug */,
				D07E0A8E230DF0D7009106BF /* Release */,
			);
			defaultConfigurationIsVisible = 0;
			defaultConfigurationName = Release;
		};
		D07E0A8F230DF0D7009106BF /* Build configuration list for PBXNativeTarget "DiscussionCode-ViewModelTests" */ = {
			isa = XCConfigurationList;
			buildConfigurations = (
				D07E0A90230DF0D7009106BF /* Debug */,
				D07E0A91230DF0D7009106BF /* Release */,
			);
			defaultConfigurationIsVisible = 0;
			defaultConfigurationName = Release;
		};
		D07E0A92230DF0D7009106BF /* Build configuration list for PBXNativeTarget "DiscussionCode-ViewModelUITests" */ = {
			isa = XCConfigurationList;
			buildConfigurations = (
				D07E0A93230DF0D7009106BF /* Debug */,
				D07E0A94230DF0D7009106BF /* Release */,
			);
			defaultConfigurationIsVisible = 0;
			defaultConfigurationName = Release;
		};
/* End XCConfigurationList section */
	};
	rootObject = D07E0A5C230DF0D5009106BF /* Project object */;
}
